
Microsoft Visual Studio Solution File, Format Version 12.00
# Visual Studio Version 16
VisualStudioVersion = 16.0.31025.194
MinimumVisualStudioVersion = 10.0.40219.1
Project("{FAE04EC0-301F-11D3-BF4B-00C04F79EFBC}") = "NotebookOne", "NotebookOne\NotebookOne.csproj", "{A2D29A82-8A6C-45CE-845F-19C37FE62061}"
EndProject
Global
	GlobalSection(SolutionConfigurationPlatforms) = preSolution
		Debug|Any CPU = Debug|Any CPU
		Release|Any CPU = Release|Any CPU
	EndGlobalSection
	GlobalSection(ProjectConfigurationPlatforms) = postSolution
		{A2D29A82-8A6C-45CE-845F-19C37FE62061}.Debug|Any CPU.ActiveCfg = Debug|Any CPU
		{A2D29A82-8A6C-45CE-845F-19C37FE62061}.Debug|Any CPU.Build.0 = Debug|Any CPU
		{A2D29A82-8A6C-45CE-845F-19C37FE62061}.Release|Any CPU.ActiveCfg = Release|Any CPU
		{A2D29A82-8A6C-45CE-845F-19C37FE62061}.Release|Any CPU.Build.0 = Release|Any CPU
	EndGlobalSection
	GlobalSection(SolutionProperties) = preSolution
		HideSolutionNode = FALSE
	EndGlobalSection
	GlobalSection(ExtensibilityGlobals) = postSolution
		SolutionGuid = {12F12A12-DBA1-44EB-9898-4658610713CB}
	EndGlobalSection
EndGlobal
